
Microsoft Visual Studio Solution File, Format Version 12.00
# Visual Studio 2013
VisualStudioVersion = 12.0.21005.1
MinimumVisualStudioVersion = 10.0.40219.1
Project("{FAE04EC0-301F-11D3-BF4B-00C04F79EFBC}") = "MDB.Console", "MDBConsole\MDB.Console.csproj", "{1D122804-F318-4225-9917-7FBD25B02F11}"
EndProject
Project("{2150E333-8FDC-42A3-9474-1A3956D46DE8}") = "Infrastructure", "Infrastructure", "{DF845305-71F0-40BD-8670-6E9C0BE42263}"
EndProject
Project("{FAE04EC0-301F-11D3-BF4B-00C04F79EFBC}") = "MDB.Operations", "MDB.Operations\MDB.Operations.csproj", "{4439DC7D-8F95-4343-B2E2-FC086DB07CD1}"
EndProject
Project("{FAE04EC0-301F-11D3-BF4B-00C04F79EFBC}") = "MDB.Infrastructure", "MDB.Infrastructure\MDB.Infrastructure.csproj", "{485A62AD-9BEA-447C-BAFA-202E58D68944}"
EndProject
Project("{FAE04EC0-301F-11D3-BF4B-00C04F79EFBC}") = "MDB.Repositories", "MDB.Repositories\MDB.Repositories.csproj", "{833B1B26-5449-42D8-A46C-B0873154C6E2}"
EndProject
Project("{FAE04EC0-301F-11D3-BF4B-00C04F79EFBC}") = "MDB.Mappers", "MDB.Mappers\MDB.Mappers.csproj", "{FD3F878F-9564-451A-9B19-2BE414FD6B80}"
EndProject
Project("{FAE04EC0-301F-11D3-BF4B-00C04F79EFBC}") = "MDB.Entity", "MDB.Entity\MDB.Entity.csproj", "{C03824EA-CF55-4018-84FD-8323C7AA1B80}"
EndProject
Project("{2150E333-8FDC-42A3-9474-1A3956D46DE8}") = "CompositionRoot", "CompositionRoot", "{1CF818E0-100C-43CB-B3C3-3947E8DBBBB9}"
EndProject
Project("{FAE04EC0-301F-11D3-BF4B-00C04F79EFBC}") = "MDB.CompositionRoot", "MDB.CompositionRoot\MDB.CompositionRoot.csproj", "{80FCC7EC-9869-40BC-A3C7-6D2B90335799}"
EndProject
Global
	GlobalSection(SolutionConfigurationPlatforms) = preSolution
		Debug|Any CPU = Debug|Any CPU
		Release|Any CPU = Release|Any CPU
	EndGlobalSection
	GlobalSection(ProjectConfigurationPlatforms) = postSolution
		{1D122804-F318-4225-9917-7FBD25B02F11}.Debug|Any CPU.ActiveCfg = Debug|Any CPU
		{1D122804-F318-4225-9917-7FBD25B02F11}.Debug|Any CPU.Build.0 = Debug|Any CPU
		{1D122804-F318-4225-9917-7FBD25B02F11}.Release|Any CPU.ActiveCfg = Release|Any CPU
		{1D122804-F318-4225-9917-7FBD25B02F11}.Release|Any CPU.Build.0 = Release|Any CPU
		{4439DC7D-8F95-4343-B2E2-FC086DB07CD1}.Debug|Any CPU.ActiveCfg = Debug|Any CPU
		{4439DC7D-8F95-4343-B2E2-FC086DB07CD1}.Debug|Any CPU.Build.0 = Debug|Any CPU
		{4439DC7D-8F95-4343-B2E2-FC086DB07CD1}.Release|Any CPU.ActiveCfg = Release|Any CPU
		{4439DC7D-8F95-4343-B2E2-FC086DB07CD1}.Release|Any CPU.Build.0 = Release|Any CPU
		{485A62AD-9BEA-447C-BAFA-202E58D68944}.Debug|Any CPU.ActiveCfg = Debug|Any CPU
		{485A62AD-9BEA-447C-BAFA-202E58D68944}.Debug|Any CPU.Build.0 = Debug|Any CPU
		{485A62AD-9BEA-447C-BAFA-202E58D68944}.Release|Any CPU.ActiveCfg = Release|Any CPU
		{485A62AD-9BEA-447C-BAFA-202E58D68944}.Release|Any CPU.Build.0 = Release|Any CPU
		{833B1B26-5449-42D8-A46C-B0873154C6E2}.Debug|Any CPU.ActiveCfg = Debug|Any CPU
		{833B1B26-5449-42D8-A46C-B0873154C6E2}.Debug|Any CPU.Build.0 = Debug|Any CPU
		{833B1B26-5449-42D8-A46C-B0873154C6E2}.Release|Any CPU.ActiveCfg = Release|Any CPU
		{833B1B26-5449-42D8-A46C-B0873154C6E2}.Release|Any CPU.Build.0 = Release|Any CPU
		{FD3F878F-9564-451A-9B19-2BE414FD6B80}.Debug|Any CPU.ActiveCfg = Debug|Any CPU
		{FD3F878F-9564-451A-9B19-2BE414FD6B80}.Debug|Any CPU.Build.0 = Debug|Any CPU
		{FD3F878F-9564-451A-9B19-2BE414FD6B80}.Release|Any CPU.ActiveCfg = Release|Any CPU
		{FD3F878F-9564-451A-9B19-2BE414FD6B80}.Release|Any CPU.Build.0 = Release|Any CPU
		{C03824EA-CF55-4018-84FD-8323C7AA1B80}.Debug|Any CPU.ActiveCfg = Debug|Any CPU
		{C03824EA-CF55-4018-84FD-8323C7AA1B80}.Debug|Any CPU.Build.0 = Debug|Any CPU
		{C03824EA-CF55-4018-84FD-8323C7AA1B80}.Release|Any CPU.ActiveCfg = Release|Any CPU
		{C03824EA-CF55-4018-84FD-8323C7AA1B80}.Release|Any CPU.Build.0 = Release|Any CPU
		{80FCC7EC-9869-40BC-A3C7-6D2B90335799}.Debug|Any CPU.ActiveCfg = Debug|Any CPU
		{80FCC7EC-9869-40BC-A3C7-6D2B90335799}.Debug|Any CPU.Build.0 = Debug|Any CPU
		{80FCC7EC-9869-40BC-A3C7-6D2B90335799}.Release|Any CPU.ActiveCfg = Release|Any CPU
		{80FCC7EC-9869-40BC-A3C7-6D2B90335799}.Release|Any CPU.Build.0 = Release|Any CPU
	EndGlobalSection
	GlobalSection(SolutionProperties) = preSolution
		HideSolutionNode = FALSE
	EndGlobalSection
	GlobalSection(NestedProjects) = preSolution
		{4439DC7D-8F95-4343-B2E2-FC086DB07CD1} = {DF845305-71F0-40BD-8670-6E9C0BE42263}
		{485A62AD-9BEA-447C-BAFA-202E58D68944} = {DF845305-71F0-40BD-8670-6E9C0BE42263}
		{833B1B26-5449-42D8-A46C-B0873154C6E2} = {DF845305-71F0-40BD-8670-6E9C0BE42263}
		{FD3F878F-9564-451A-9B19-2BE414FD6B80} = {DF845305-71F0-40BD-8670-6E9C0BE42263}
		{C03824EA-CF55-4018-84FD-8323C7AA1B80} = {DF845305-71F0-40BD-8670-6E9C0BE42263}
		{80FCC7EC-9869-40BC-A3C7-6D2B90335799} = {1CF818E0-100C-43CB-B3C3-3947E8DBBBB9}
	EndGlobalSection
EndGlobal
